Microsoft Visual Studio Solution File, Format Version 12.00
# Visual Studio 14
VisualStudioVersion = 14.0.25420.1
MinimumVisualStudioVersion = 10.0.40219.1
Project("{FAE04EC0-301F-11D3-BF4B-00C04F79EFBC}") = "TextureFontGenerator", "TextureFontGenerator\TextureFontGenerator.csproj", "{C1938714-DF39-4406-BD7A-67B748952A11}"
EndProject
Project("{FAE04EC0-301F-11D3-BF4B-00C04F79EFBC}") = "TextureFontLibrary", "TextureFontLibrary\TextureFontLibrary.csproj", "{989785A0-5D37-464F-9000-B33910AFC767}"
EndProject
Project("{FAE04EC0-301F-11D3-BF4B-00C04F79EFBC}") = "TextureFontTests", "TextureFontTests\TextureFontTests.csproj", "{328C0FFA-1133-4A0D-B1CF-0859EE35AD34}"
EndProject
Project("{2150E333-8FDC-42A3-9474-1A3956D46DE8}") = "GUI", "GUI", "{6E2D9872-11B9-460E-A841-B3A282CC5F69}"
EndProject
Project("{2150E333-8FDC-42A3-9474-1A3956D46DE8}") = "Library", "Library", "{8744D9D9-CB79-4534-8A83-6E06212ECEFD}"
EndProject
Project("{2150E333-8FDC-42A3-9474-1A3956D46DE8}") = "Tests", "Tests", "{4C091ED8-04D6-4558-B834-13FD382C1C37}"
EndProject
Global
	GlobalSection(SolutionConfigurationPlatforms) = preSolution
		Debug|Any CPU = Debug|Any CPU
		Release|Any CPU = Release|Any CPU
	EndGlobalSection
	GlobalSection(ProjectConfigurationPlatforms) = postSolution
		{C1938714-DF39-4406-BD7A-67B748952A11}.Debug|Any CPU.ActiveCfg = Debug|Any CPU
		{C1938714-DF39-4406-BD7A-67B748952A11}.Debug|Any CPU.Build.0 = Debug|Any CPU
		{C1938714-DF39-4406-BD7A-67B748952A11}.Release|Any CPU.ActiveCfg = Release|Any CPU
		{C1938714-DF39-4406-BD7A-67B748952A11}.Release|Any CPU.Build.0 = Release|Any CPU
		{989785A0-5D37-464F-9000-B33910AFC767}.Debug|Any CPU.ActiveCfg = Debug|Any CPU
		{989785A0-5D37-464F-9000-B33910AFC767}.Debug|Any CPU.Build.0 = Debug|Any CPU
		{989785A0-5D37-464F-9000-B33910AFC767}.Release|Any CPU.ActiveCfg = Release|Any CPU
		{989785A0-5D37-464F-9000-B33910AFC767}.Release|Any CPU.Build.0 = Release|Any CPU
		{328C0FFA-1133-4A0D-B1CF-0859EE35AD34}.Debug|Any CPU.ActiveCfg = Debug|Any CPU
		{328C0FFA-1133-4A0D-B1CF-0859EE35AD34}.Debug|Any CPU.Build.0 = Debug|Any CPU
		{328C0FFA-1133-4A0D-B1CF-0859EE35AD34}.Release|Any CPU.ActiveCfg = Release|Any CPU
		{328C0FFA-1133-4A0D-B1CF-0859EE35AD34}.Release|Any CPU.Build.0 = Release|Any CPU
	EndGlobalSection
	GlobalSection(SolutionProperties) = preSolution
		HideSolutionNode = FALSE
	EndGlobalSection
	GlobalSection(NestedProjects) = preSolution
		{C1938714-DF39-4406-BD7A-67B748952A11} = {6E2D9872-11B9-460E-A841-B3A282CC5F69}
		{989785A0-5D37-464F-9000-B33910AFC767} = {8744D9D9-CB79-4534-8A83-6E06212ECEFD}
		{328C0FFA-1133-4A0D-B1CF-0859EE35AD34} = {4C091ED8-04D6-4558-B834-13FD382C1C37}
	EndGlobalSection
	GlobalSection(TeamFoundationVersionControl) = preSolution
		SccNumberOfProjects = 4
		SccEnterpriseProvider = {4CA58AB2-18FA-4F8D-95D4-32DDF27D184C}
		SccTeamFoundationServer = http://192.168.0.100:8080/tfs/defaultcollection
		SccLocalPath0 = .
		SccProjectUniqueName1 = TextureFontGenerator\\TextureFontGenerator.csproj
		SccProjectTopLevelParentUniqueName1 = TextureFontGenerator.sln
		SccProjectName1 = TextureFontGenerator
		SccLocalPath1 = TextureFontGenerator
		SccProjectUniqueName2 = TextureFontLibrary\\TextureFontLibrary.csproj
		SccProjectTopLevelParentUniqueName2 = TextureFontGenerator.sln
		SccProjectName2 = TextureFontLibrary
		SccLocalPath2 = TextureFontLibrary
		SccProjectUniqueName3 = TextureFontTests\\TextureFontTests.csproj
		SccProjectTopLevelParentUniqueName3 = TextureFontGenerator.sln
		SccProjectName3 = TextureFontTests
		SccLocalPath3 = TextureFontTests
	EndGlobalSection
EndGlobal
